// !$*UTF8*$!
{
	archiveVersion = 1;
	classes = {
	};
	objectVersion = 50;
	objects = {

/* Begin PBXBuildFile section */
		CE66FE96269D6BA30012F465 /* AppDelegate.swift in Sources */ = {isa = PBXBuildFile; fileRef = CE66FE95269D6BA30012F465 /* AppDelegate.swift */; };
		CE66FE98269D6BA30012F465 /* SceneDelegate.swift in Sources */ = {isa = PBXBuildFile; fileRef = CE66FE97269D6BA30012F465 /* SceneDelegate.swift */; };
		CE66FE9A269D6BA30012F465 /* MainViewController.swift in Sources */ = {isa = PBXBuildFile; fileRef = CE66FE99269D6BA30012F465 /* MainViewController.swift */; };
		CE66FE9D269D6BA30012F465 /* Main.storyboard in Resources */ = {isa = PBXBuildFile; fileRef = CE66FE9B269D6BA30012F465 /* Main.storyboard */; };
		CE66FE9F269D6BA50012F465 /* Assets.xcassets in Resources */ = {isa = PBXBuildFile; fileRef = CE66FE9E269D6BA50012F465 /* Assets.xcassets */; };
		CE66FEA2269D6BA50012F465 /* LaunchScreen.storyboard in Resources */ = {isa = PBXBuildFile; fileRef = CE66FEA0269D6BA50012F465 /* LaunchScreen.storyboard */; };
		CE66FEB0269D921B0012F465 /* CameraAuthorizationManager.swift in Sources */ = {isa = PBXBuildFile; fileRef = CE66FEAF269D921B0012F465 /* CameraAuthorizationManager.swift */; };
		CE66FEB3269DA7550012F465 /* Camera.storyboard in Resources */ = {isa = PBXBuildFile; fileRef = CE66FEB2269DA7550012F465 /* Camera.storyboard */; };
		CE66FEB5269DAE460012F465 /* CameraViewController.swift in Sources */ = {isa = PBXBuildFile; fileRef = CE66FEB4269DAE460012F465 /* CameraViewController.swift */; };
		CE66FEB7269DB2E70012F465 /* SessionManager.swift in Sources */ = {isa = PBXBuildFile; fileRef = CE66FEB6269DB2E60012F465 /* SessionManager.swift */; };
		CE677079269EBA9900FDACB1 /* Photo.storyboard in Resources */ = {isa = PBXBuildFile; fileRef = CE677078269EBA9900FDACB1 /* Photo.storyboard */; };
		CE67707B269EBAD200FDACB1 /* PhotoViewController.swift in Sources */ = {isa = PBXBuildFile; fileRef = CE67707A269EBAD200FDACB1 /* PhotoViewController.swift */; };
		CEEDD42F26A01085007E9C74 /* MicrophoneAuthorizationManager.swift in Sources */ = {isa = PBXBuildFile; fileRef = CEEDD42E26A01085007E9C74 /* MicrophoneAuthorizationManager.swift */; };
		DFC2BBB8B2C11F4A8188DC74 /* Pods_FiltersCameraMeetUp.framework in Frameworks */ = {isa = PBXBuildFile; fileRef = 4F1D63372E2EE62009E357FE /* Pods_FiltersCameraMeetUp.framework */; };
/* End PBXBuildFile section */

/* Begin PBXFileReference section */
		4F1D63372E2EE62009E357FE /* Pods_FiltersCameraMeetUp.framework */ = {isa = PBXFileReference; explicitFileType = wrapper.framework; includeInIndex = 0; path = Pods_FiltersCameraMeetUp.framework; sourceTree = BUILT_PRODUCTS_DIR; };
		8B71F8D376526B0A6AD6CCC9 /* Pods-FiltersCameraMeetUp.release.xcconfig */ = {isa = PBXFileReference; includeInIndex = 1; lastKnownFileType = text.xcconfig; name = "Pods-FiltersCameraMeetUp.release.xcconfig"; path = "Target Support Files/Pods-FiltersCameraMeetUp/Pods-FiltersCameraMeetUp.release.xcconfig"; sourceTree = "<group>"; };
		CE66FE92269D6BA30012F465 /* FiltersCameraMeetUp.app */ = {isa = PBXFileReference; explicitFileType = wrapper.application; includeInIndex = 0; path = FiltersCameraMeetUp.app; sourceTree = BUILT_PRODUCTS_DIR; };
		CE66FE95269D6BA30012F465 /* AppDelegate.swift */ = {isa = PBXFileReference; lastKnownFileType = sourcecode.swift; path = AppDelegate.swift; sourceTree = "<group>"; };
		CE66FE97269D6BA30012F465 /* SceneDelegate.swift */ = {isa = PBXFileReference; lastKnownFileType = sourcecode.swift; path = SceneDelegate.swift; sourceTree = "<group>"; };
		CE66FE99269D6BA30012F465 /* MainViewController.swift */ = {isa = PBXFileReference; lastKnownFileType = sourcecode.swift; path = MainViewController.swift; sourceTree = "<group>"; };
		CE66FE9C269D6BA30012F465 /* Base */ = {isa = PBXFileReference; lastKnownFileType = file.storyboard; name = Base; path = Base.lproj/Main.storyboard; sourceTree = "<group>"; };
		CE66FE9E269D6BA50012F465 /* Assets.xcassets */ = {isa = PBXFileReference; lastKnownFileType = folder.assetcatalog; path = Assets.xcassets; sourceTree = "<group>"; };
		CE66FEA1269D6BA50012F465 /* Base */ = {isa = PBXFileReference; lastKnownFileType = file.storyboard; name = Base; path = Base.lproj/LaunchScreen.storyboard; sourceTree = "<group>"; };
		CE66FEA3269D6BA50012F465 /* Info.plist */ = {isa = PBXFileReference; lastKnownFileType = text.plist.xml; path = Info.plist; sourceTree = "<group>"; };
		CE66FEAF269D921B0012F465 /* CameraAuthorizationManager.swift */ = {isa = PBXFileReference; fileEncoding = 4; lastKnownFileType = sourcecode.swift; path = CameraAuthorizationManager.swift; sourceTree = "<group>"; };
		CE66FEB2269DA7550012F465 /* Camera.storyboard */ = {isa = PBXFileReference; lastKnownFileType = file.storyboard; path = Camera.storyboard; sourceTree = "<group>"; };
		CE66FEB4269DAE460012F465 /* CameraViewController.swift */ = {isa = PBXFileReference; lastKnownFileType = sourcecode.swift; path = CameraViewController.swift; sourceTree = "<group>"; };
		CE66FEB6269DB2E60012F465 /* SessionManager.swift */ = {isa = PBXFileReference; fileEncoding = 4; lastKnownFileType = sourcecode.swift; path = SessionManager.swift; sourceTree = "<group>"; };
		CE677078269EBA9900FDACB1 /* Photo.storyboard */ = {isa = PBXFileReference; lastKnownFileType = file.storyboard; path = Photo.storyboard; sourceTree = "<group>"; };
		CE67707A269EBAD200FDACB1 /* PhotoViewController.swift */ = {isa = PBXFileReference; lastKnownFileType = sourcecode.swift; path = PhotoViewController.swift; sourceTree = "<group>"; };
		CEEDD42E26A01085007E9C74 /* MicrophoneAuthorizationManager.swift */ = {isa = PBXFileReference; fileEncoding = 4; lastKnownFileType = sourcecode.swift; path = MicrophoneAuthorizationManager.swift; sourceTree = "<group>"; };
		D94950573950B4EBE3000B9A /* Pods-FiltersCameraMeetUp.debug.xcconfig */ = {isa = PBXFileReference; includeInIndex = 1; lastKnownFileType = text.xcconfig; name = "Pods-FiltersCameraMeetUp.debug.xcconfig"; path = "Target Support Files/Pods-FiltersCameraMeetUp/Pods-FiltersCameraMeetUp.debug.xcconfig"; sourceTree = "<group>"; };
/* End PBXFileReference section */

/* Begin PBXFrameworksBuildPhase section */
		CE66FE8F269D6BA30012F465 /* Frameworks */ = {
			isa = PBXFrameworksBuildPhase;
			buildActionMask = 2147483647;
			files = (
				DFC2BBB8B2C11F4A8188DC74 /* Pods_FiltersCameraMeetUp.framework in Frameworks */,
			);
			runOnlyForDeploymentPostprocessing = 0;
		};
/* End PBXFrameworksBuildPhase section */

/* Begin PBXGroup section */
		CE66FE89269D6BA30012F465 = {
			isa = PBXGroup;
			children = (
				CE66FE94269D6BA30012F465 /* FiltersCameraMeetUp */,
				CE66FE93269D6BA30012F465 /* Products */,
				FDFF142BD3EBE84041FB18EE /* Pods */,
				DD0C49A456EA14F2CC727A60 /* Frameworks */,
			);
			sourceTree = "<group>";
		};
		CE66FE93269D6BA30012F465 /* Products */ = {
			isa = PBXGroup;
			children = (
				CE66FE92269D6BA30012F465 /* FiltersCameraMeetUp.app */,
			);
			name = Products;
			sourceTree = "<group>";
		};
		CE66FE94269D6BA30012F465 /* FiltersCameraMeetUp */ = {
			isa = PBXGroup;
			children = (
				CE66FEA3269D6BA50012F465 /* Info.plist */,
				CE66FEAA269D8A750012F465 /* Application */,
				CE66FEAB269D8A960012F465 /* Modules */,
				CE66FEAD269D8AF80012F465 /* Resources */,
			);
			path = FiltersCameraMeetUp;
			sourceTree = "<group>";
		};
		CE66FEAA269D8A750012F465 /* Application */ = {
			isa = PBXGroup;
			children = (
				CE66FE95269D6BA30012F465 /* AppDelegate.swift */,
				CE66FE97269D6BA30012F465 /* SceneDelegate.swift */,
			);
			path = Application;
			sourceTree = "<group>";
		};
		CE66FEAB269D8A960012F465 /* Modules */ = {
			isa = PBXGroup;
			children = (
				CE66FEA0269D6BA50012F465 /* LaunchScreen.storyboard */,
				CE66FEAF269D921B0012F465 /* CameraAuthorizationManager.swift */,
				CEEDD42E26A01085007E9C74 /* MicrophoneAuthorizationManager.swift */,
				CE66FEB6269DB2E60012F465 /* SessionManager.swift */,
				CE66FEB1269DA7390012F465 /* Camera */,
				CE66FEAC269D8AA70012F465 /* Main */,
				CE677077269EBA7D00FDACB1 /* Photo */,
			);
			path = Modules;
			sourceTree = "<group>";
		};
		CE66FEAC269D8AA70012F465 /* Main */ = {
			isa = PBXGroup;
			children = (
				CE66FE9B269D6BA30012F465 /* Main.storyboard */,
				CE66FE99269D6BA30012F465 /* MainViewController.swift */,
			);
			path = Main;
			sourceTree = "<group>";
		};
		CE66FEAD269D8AF80012F465 /* Resources */ = {
			isa = PBXGroup;
			children = (
				CE66FE9E269D6BA50012F465 /* Assets.xcassets */,
			);
			path = Resources;
			sourceTree = "<group>";
		};
		CE66FEB1269DA7390012F465 /* Camera */ = {
			isa = PBXGroup;
			children = (
				CE66FEB2269DA7550012F465 /* Camera.storyboard */,
				CE66FEB4269DAE460012F465 /* CameraViewController.swift */,
			);
			path = Camera;
			sourceTree = "<group>";
		};
		CE677077269EBA7D00FDACB1 /* Photo */ = {
			isa = PBXGroup;
			children = (
				CE677078269EBA9900FDACB1 /* Photo.storyboard */,
				CE67707A269EBAD200FDACB1 /* PhotoViewController.swift */,
			);
			path = Photo;
			sourceTree = "<group>";
		};
		DD0C49A456EA14F2CC727A60 /* Frameworks */ = {
			isa = PBXGroup;
			children = (
				4F1D63372E2EE62009E357FE /* Pods_FiltersCameraMeetUp.framework */,
			);
			name = Frameworks;
			sourceTree = "<group>";
		};
		FDFF142BD3EBE84041FB18EE /* Pods */ = {
			isa = PBXGroup;
			children = (
				D94950573950B4EBE3000B9A /* Pods-FiltersCameraMeetUp.debug.xcconfig */,
				8B71F8D376526B0A6AD6CCC9 /* Pods-FiltersCameraMeetUp.release.xcconfig */,
			);
			path = Pods;
			sourceTree = "<group>";
		};
/* End PBXGroup section */

/* Begin PBXNativeTarget section */
		CE66FE91269D6BA30012F465 /* FiltersCameraMeetUp */ = {
			isa = PBXNativeTarget;
			buildConfigurationList = CE66FEA6269D6BA50012F465 /* Build configuration list for PBXNativeTarget "FiltersCameraMeetUp" */;
			buildPhases = (
				FCD5531BE14320E61EBCB2AA /* [CP] Check Pods Manifest.lock */,
				CE66FEA9269D6D830012F465 /* ShellScript */,
				CE66FE8E269D6BA30012F465 /* Sources */,
				CE66FE8F269D6BA30012F465 /* Frameworks */,
				CE66FE90269D6BA30012F465 /* Resources */,
			);
			buildRules = (
			);
			dependencies = (
			);
			name = FiltersCameraMeetUp;
			productName = FiltersCameraMeetUp;
			productReference = CE66FE92269D6BA30012F465 /* FiltersCameraMeetUp.app */;
			productType = "com.apple.product-type.application";
		};
/* End PBXNativeTarget section */

/* Begin PBXProject section */
		CE66FE8A269D6BA30012F465 /* Project object */ = {
			isa = PBXProject;
			attributes = {
				LastSwiftUpdateCheck = 1250;
				LastUpgradeCheck = 1250;
				TargetAttributes = {
					CE66FE91269D6BA30012F465 = {
						CreatedOnToolsVersion = 12.5.1;
					};
				};
			};
			buildConfigurationList = CE66FE8D269D6BA30012F465 /* Build configuration list for PBXProject "FiltersCameraMeetUp" */;
			compatibilityVersion = "Xcode 9.3";
			developmentRegion = en;
			hasScannedForEncodings = 0;
			knownRegions = (
				en,
				Base,
			);
			mainGroup = CE66FE89269D6BA30012F465;
			productRefGroup = CE66FE93269D6BA30012F465 /* Products */;
			projectDirPath = "";
			projectRoot = "";
			targets = (
				CE66FE91269D6BA30012F465 /* FiltersCameraMeetUp */,
			);
		};
/* End PBXProject section */

/* Begin PBXResourcesBuildPhase section */
		CE66FE90269D6BA30012F465 /* Resources */ = {
			isa = PBXResourcesBuildPhase;
			buildActionMask = 2147483647;
			files = (
				CE66FEA2269D6BA50012F465 /* LaunchScreen.storyboard in Resources */,
				CE66FEB3269DA7550012F465 /* Camera.storyboard in Resources */,
				CE677079269EBA9900FDACB1 /* Photo.storyboard in Resources */,
				CE66FE9F269D6BA50012F465 /* Assets.xcassets in Resources */,
				CE66FE9D269D6BA30012F465 /* Main.storyboard in Resources */,
			);
			runOnlyForDeploymentPostprocessing = 0;
		};
/* End PBXResourcesBuildPhase section */

/* Begin PBXShellScriptBuildPhase section */
		CE66FEA9269D6D830012F465 /* ShellScript */ = {
			isa = PBXShellScriptBuildPhase;
			buildActionMask = 2147483647;
			files = (
			);
			inputFileListPaths = (
			);
			inputPaths = (
			);
			outputFileListPaths = (
			);
			outputPaths = (
			);
			runOnlyForDeploymentPostprocessing = 0;
			shellPath = /bin/sh;
			shellScript = "${PODS_ROOT}/SwiftLint/swiftlint\n";
		};
		FCD5531BE14320E61EBCB2AA /* [CP] Check Pods Manifest.lock */ = {
			isa = PBXShellScriptBuildPhase;
			buildActionMask = 2147483647;
			files = (
			);
			inputFileListPaths = (
			);
			inputPaths = (
				"${PODS_PODFILE_DIR_PATH}/Podfile.lock",
				"${PODS_ROOT}/Manifest.lock",
			);
			name = "[CP] Check Pods Manifest.lock";
			outputFileListPaths = (
			);
			outputPaths = (
				"$(DERIVED_FILE_DIR)/Pods-FiltersCameraMeetUp-checkManifestLockResult.txt",
			);
			runOnlyForDeploymentPostprocessing = 0;
			shellPath = /bin/sh;
			shellScript = "diff \"${PODS_PODFILE_DIR_PATH}/Podfile.lock\" \"${PODS_ROOT}/Manifest.lock\" > /dev/null\nif [ $? != 0 ] ; then\n    # print error to STDERR\n    echo \"error: The sandbox is not in sync with the Podfile.lock. Run 'pod install' or update your CocoaPods installation.\" >&2\n    exit 1\nfi\n# This output is used by Xcode 'outputs' to avoid re-running this script phase.\necho \"SUCCESS\" > \"${SCRIPT_OUTPUT_FILE_0}\"\n";
			showEnvVarsInLog = 0;
		};
/* End PBXShellScriptBuildPhase section */

/* Begin PBXSourcesBuildPhase section */
		CE66FE8E269D6BA30012F465 /* Sources */ = {
			isa = PBXSourcesBuildPhase;
			buildActionMask = 2147483647;
			files = (
				CE66FEB0269D921B0012F465 /* CameraAuthorizationManager.swift in Sources */,
				CE66FEB5269DAE460012F465 /* CameraViewController.swift in Sources */,
				CE66FEB7269DB2E70012F465 /* SessionManager.swift in Sources */,
				CE66FE9A269D6BA30012F465 /* MainViewController.swift in Sources */,
				CE67707B269EBAD200FDACB1 /* PhotoViewController.swift in Sources */,
				CE66FE96269D6BA30012F465 /* AppDelegate.swift in Sources */,
				CE66FE98269D6BA30012F465 /* SceneDelegate.swift in Sources */,
				CEEDD42F26A01085007E9C74 /* MicrophoneAuthorizationManager.swift in Sources */,
			);
			runOnlyForDeploymentPostprocessing = 0;
		};
/* End PBXSourcesBuildPhase section */

/* Begin PBXVariantGroup section */
		CE66FE9B269D6BA30012F465 /* Main.storyboard */ = {
			isa = PBXVariantGroup;
			children = (
				CE66FE9C269D6BA30012F465 /* Base */,
			);
			name = Main.storyboard;
			sourceTree = "<group>";
		};
		CE66FEA0269D6BA50012F465 /* LaunchScreen.storyboard */ = {
			isa = PBXVariantGroup;
			children = (
				CE66FEA1269D6BA50012F465 /* Base */,
			);
			name = LaunchScreen.storyboard;
			sourceTree = "<group>";
		};
/* End PBXVariantGroup section */

/* Begin XCBuildConfiguration section */
		CE66FEA4269D6BA50012F465 /* Debug */ = {
			isa = XCBuildConfiguration;
			buildSettings = {
				ALWAYS_SEARCH_USER_PATHS = NO;
				CLANG_ANALYZER_NONNULL = YES;
				CLANG_ANALYZER_NUMBER_OBJECT_CONVERSION = YES_AGGRESSIVE;
				CLANG_CXX_LANGUAGE_STANDARD = "gnu++14";
				CLANG_CXX_LIBRARY = "libc++";
				CLANG_ENABLE_MODULES = YES;
				CLANG_ENABLE_OBJC_ARC = YES;
				CLANG_ENABLE_OBJC_WEAK = YES;
				CLANG_WARN_BLOCK_CAPTURE_AUTORELEASING = YES;
				CLANG_WARN_BOOL_CONVERSION = YES;
				CLANG_WARN_COMMA = YES;
				CLANG_WARN_CONSTANT_CONVERSION = YES;
				CLANG_WARN_DEPRECATED_OBJC_IMPLEMENTATIONS = YES;
				CLANG_WARN_DIRECT_OBJC_ISA_USAGE = YES_ERROR;
				CLANG_WARN_DOCUMENTATION_COMMENTS = YES;
				CLANG_WARN_EMPTY_BODY = YES;
				CLANG_WARN_ENUM_CONVERSION = YES;
				CLANG_WARN_INFINITE_RECURSION = YES;
				CLANG_WARN_INT_CONVERSION = YES;
				CLANG_WARN_NON_LITERAL_NULL_CONVERSION = YES;
				CLANG_WARN_OBJC_IMPLICIT_RETAIN_SELF = YES;
				CLANG_WARN_OBJC_LITERAL_CONVERSION = YES;
				CLANG_WARN_OBJC_ROOT_CLASS = YES_ERROR;
				CLANG_WARN_QUOTED_INCLUDE_IN_FRAMEWORK_HEADER = YES;
				CLANG_WARN_RANGE_LOOP_ANALYSIS = YES;
				CLANG_WARN_STRICT_PROTOTYPES = YES;
				CLANG_WARN_SUSPICIOUS_MOVE = YES;
				CLANG_WARN_UNGUARDED_AVAILABILITY = YES_AGGRESSIVE;
				CLANG_WARN_UNREACHABLE_CODE = YES;
				CLANG_WARN__DUPLICATE_METHOD_MATCH = YES;
				COPY_PHASE_STRIP = NO;
				DEBUG_INFORMATION_FORMAT = dwarf;
				ENABLE_STRICT_OBJC_MSGSEND = YES;
				ENABLE_TESTABILITY = YES;
				GCC_C_LANGUAGE_STANDARD = gnu11;
				GCC_DYNAMIC_NO_PIC = NO;
				GCC_NO_COMMON_BLOCKS = YES;
				GCC_OPTIMIZATION_LEVEL = 0;
				GCC_PREPROCESSOR_DEFINITIONS = (
					"DEBUG=1",
					"$(inherited)",
				);
				GCC_WARN_64_TO_32_BIT_CONVERSION = YES;
				GCC_WARN_ABOUT_RETURN_TYPE = YES_ERROR;
				GCC_WARN_UNDECLARED_SELECTOR = YES;
				GCC_WARN_UNINITIALIZED_AUTOS = YES_AGGRESSIVE;
				GCC_WARN_UNUSED_FUNCTION = YES;
				GCC_WARN_UNUSED_VARIABLE = YES;
				IPHONEOS_DEPLOYMENT_TARGET = 13.4;
				MTL_ENABLE_DEBUG_INFO = INCLUDE_SOURCE;
				MTL_FAST_MATH = YES;
				ONLY_ACTIVE_ARCH = YES;
				SDKROOT = iphoneos;
				SWIFT_ACTIVE_COMPILATION_CONDITIONS = DEBUG;
				SWIFT_OPTIMIZATION_LEVEL = "-Onone";
			};
			name = Debug;
		};
		CE66FEA5269D6BA50012F465 /* Release */ = {
			isa = XCBuildConfiguration;
			buildSettings = {
				ALWAYS_SEARCH_USER_PATHS = NO;
				CLANG_ANALYZER_NONNULL = YES;
				CLANG_ANALYZER_NUMBER_OBJECT_CONVERSION = YES_AGGRESSIVE;
				CLANG_CXX_LANGUAGE_STANDARD = "gnu++14";
				CLANG_CXX_LIBRARY = "libc++";
				CLANG_ENABLE_MODULES = YES;
				CLANG_ENABLE_OBJC_ARC = YES;
				CLANG_ENABLE_OBJC_WEAK = YES;
				CLANG_WARN_BLOCK_CAPTURE_AUTORELEASING = YES;
				CLANG_WARN_BOOL_CONVERSION = YES;
				CLANG_WARN_COMMA = YES;
				CLANG_WARN_CONSTANT_CONVERSION = YES;
				CLANG_WARN_DEPRECATED_OBJC_IMPLEMENTATIONS = YES;
				CLANG_WARN_DIRECT_OBJC_ISA_USAGE = YES_ERROR;
				CLANG_WARN_DOCUMENTATION_COMMENTS = YES;
				CLANG_WARN_EMPTY_BODY = YES;
				CLANG_WARN_ENUM_CONVERSION = YES;
				CLANG_WARN_INFINITE_RECURSION = YES;
				CLANG_WARN_INT_CONVERSION = YES;
				CLANG_WARN_NON_LITERAL_NULL_CONVERSION = YES;
				CLANG_WARN_OBJC_IMPLICIT_RETAIN_SELF = YES;
				CLANG_WARN_OBJC_LITERAL_CONVERSION = YES;
				CLANG_WARN_OBJC_ROOT_CLASS = YES_ERROR;
				CLANG_WARN_QUOTED_INCLUDE_IN_FRAMEWORK_HEADER = YES;
				CLANG_WARN_RANGE_LOOP_ANALYSIS = YES;
				CLANG_WARN_STRICT_PROTOTYPES = YES;
				CLANG_WARN_SUSPICIOUS_MOVE = YES;
				CLANG_WARN_UNGUARDED_AVAILABILITY = YES_AGGRESSIVE;
				CLANG_WARN_UNREACHABLE_CODE = YES;
				CLANG_WARN__DUPLICATE_METHOD_MATCH = YES;
				COPY_PHASE_STRIP = NO;
				DEBUG_INFORMATION_FORMAT = "dwarf-with-dsym";
				ENABLE_NS_ASSERTIONS = NO;
				ENABLE_STRICT_OBJC_MSGSEND = YES;
				GCC_C_LANGUAGE_STANDARD = gnu11;
				GCC_NO_COMMON_BLOCKS = YES;
				GCC_WARN_64_TO_32_BIT_CONVERSION = YES;
				GCC_WARN_ABOUT_RETURN_TYPE = YES_ERROR;
				GCC_WARN_UNDECLARED_SELECTOR = YES;
				GCC_WARN_UNINITIALIZED_AUTOS = YES_AGGRESSIVE;
				GCC_WARN_UNUSED_FUNCTION = YES;
				GCC_WARN_UNUSED_VARIABLE = YES;
				IPHONEOS_DEPLOYMENT_TARGET = 13.4;
				MTL_ENABLE_DEBUG_INFO = NO;
				MTL_FAST_MATH = YES;
				SDKROOT = iphoneos;
				SWIFT_COMPILATION_MODE = wholemodule;
				SWIFT_OPTIMIZATION_LEVEL = "-O";
				VALIDATE_PRODUCT = YES;
			};
			name = Release;
		};
		CE66FEA7269D6BA50012F465 /* Debug */ = {
			isa = XCBuildConfiguration;
			baseConfigurationReference = D94950573950B4EBE3000B9A /* Pods-FiltersCameraMeetUp.debug.xcconfig */;
			buildSettings = {
				ASSETCATALOG_COMPILER_APPICON_NAME = AppIcon;
				ASSETCATALOG_COMPILER_GLOBAL_ACCENT_COLOR_NAME = AccentColor;
				CODE_SIGN_STYLE = Automatic;
				DEVELOPMENT_TEAM = L7S522SQRV;
				INFOPLIST_FILE = FiltersCameraMeetUp/Info.plist;
				IPHONEOS_DEPLOYMENT_TARGET = 13.4;
				LD_RUNPATH_SEARCH_PATHS = (
					"$(inherited)",
					"@executable_path/Frameworks",
				);
				MARKETING_VERSION = 1.0;
				PRODUCT_BUNDLE_IDENTIFIER = com.vironit.FiltersCameraMeetUp;
				PRODUCT_NAME = "$(TARGET_NAME)";
				SWIFT_VERSION = 5.0;
				TARGETED_DEVICE_FAMILY = 1;
			};
			name = Debug;
		};
		CE66FEA8269D6BA50012F465 /* Release */ = {
			isa = XCBuildConfiguration;
			baseConfigurationReference = 8B71F8D376526B0A6AD6CCC9 /* Pods-FiltersCameraMeetUp.release.xcconfig */;
			buildSettings = {
				ASSETCATALOG_COMPILER_APPICON_NAME = AppIcon;
				ASSETCATALOG_COMPILER_GLOBAL_ACCENT_COLOR_NAME = AccentColor;
				CODE_SIGN_STYLE = Automatic;
				DEVELOPMENT_TEAM = L7S522SQRV;
				INFOPLIST_FILE = FiltersCameraMeetUp/Info.plist;
				IPHONEOS_DEPLOYMENT_TARGET = 13.4;
				LD_RUNPATH_SEARCH_PATHS = (
					"$(inherited)",
					"@executable_path/Frameworks",
				);
				MARKETING_VERSION = 1.0;
				PRODUCT_BUNDLE_IDENTIFIER = com.vironit.FiltersCameraMeetUp;
				PRODUCT_NAME = "$(TARGET_NAME)";
				SWIFT_VERSION = 5.0;
				TARGETED_DEVICE_FAMILY = 1;
			};
			name = Release;
		};
/* End XCBuildConfiguration section */

/* Begin XCConfigurationList section */
		CE66FE8D269D6BA30012F465 /* Build configuration list for PBXProject "FiltersCameraMeetUp" */ = {
			isa = XCConfigurationList;
			buildConfigurations = (
				CE66FEA4269D6BA50012F465 /* Debug */,
				CE66FEA5269D6BA50012F465 /* Release */,
			);
			defaultConfigurationIsVisible = 0;
			defaultConfigurationName = Release;
		};
		CE66FEA6269D6BA50012F465 /* Build configuration list for PBXNativeTarget "FiltersCameraMeetUp" */ = {
			isa = XCConfigurationList;
			buildConfigurations = (
				CE66FEA7269D6BA50012F465 /* Debug */,
				CE66FEA8269D6BA50012F465 /* Release */,
			);
			defaultConfigurationIsVisible = 0;
			defaultConfigurationName = Release;
		};
/* End XCConfigurationList section */
	};
	rootObject = CE66FE8A269D6BA30012F465 /* Project object */;
}
